
Microsoft Visual Studio Solution File, Format Version 12.00
# Visual Studio Version 16
VisualStudioVersion = 16.0.32929.386
MinimumVisualStudioVersion = 10.0.40219.1
Project("{FAE04EC0-301F-11D3-BF4B-00C04F79EFBC}") = "CodingProblems", "CodingProblems.csproj", "{14F1D123-04F9-4325-8C3C-91B7E6071AF6}"
EndProject
Global
	GlobalSection(SolutionConfigurationPlatforms) = preSolution
		Debug|Any CPU = Debug|Any CPU
		Release|Any CPU = Release|Any CPU
	EndGlobalSection
	GlobalSection(ProjectConfigurationPlatforms) = postSolution
		{14F1D123-04F9-4325-8C3C-91B7E6071AF6}.Debug|Any CPU.ActiveCfg = Debug|Any CPU
		{14F1D123-04F9-4325-8C3C-91B7E6071AF6}.Debug|Any CPU.Build.0 = Debug|Any CPU
		{14F1D123-04F9-4325-8C3C-91B7E6071AF6}.Release|Any CPU.ActiveCfg = Release|Any CPU
		{14F1D123-04F9-4325-8C3C-91B7E6071AF6}.Release|Any CPU.Build.0 = Release|Any CPU
	EndGlobalSection
	GlobalSection(SolutionProperties) = preSolution
		HideSolutionNode = FALSE
	EndGlobalSection
	GlobalSection(ExtensibilityGlobals) = postSolution
		SolutionGuid = {8A5661D9-03C4-4B74-9813-4159C9362AEB}
	EndGlobalSection
EndGlobal
