
Microsoft Visual Studio Solution File, Format Version 12.00
# Visual Studio Version 16
VisualStudioVersion = 16.0.32929.386
MinimumVisualStudioVersion = 10.0.40219.1
Project("{9A19103F-16F7-4668-BE54-9A1E7A4F7556}") = "Beginning", "Beginning.csproj", "{2D99791C-042A-4E12-917B-AE5F306BE39F}"
EndProject
Project("{2150E333-8FDC-42A3-9474-1A3956D46DE8}") = "Solution Items", "Solution Items", "{A29B45DE-CCD7-42BF-A849-62EB338F9F09}"
	ProjectSection(SolutionItems) = preProject
		Car.cs = Car.cs
	EndProjectSection
EndProject
Global
	GlobalSection(SolutionConfigurationPlatforms) = preSolution
		Debug|Any CPU = Debug|Any CPU
		Release|Any CPU = Release|Any CPU
	EndGlobalSection
	GlobalSection(ProjectConfigurationPlatforms) = postSolution
		{2D99791C-042A-4E12-917B-AE5F306BE39F}.Debug|Any CPU.ActiveCfg = Debug|Any CPU
		{2D99791C-042A-4E12-917B-AE5F306BE39F}.Debug|Any CPU.Build.0 = Debug|Any CPU
		{2D99791C-042A-4E12-917B-AE5F306BE39F}.Release|Any CPU.ActiveCfg = Release|Any CPU
		{2D99791C-042A-4E12-917B-AE5F306BE39F}.Release|Any CPU.Build.0 = Release|Any CPU
	EndGlobalSection
	GlobalSection(SolutionProperties) = preSolution
		HideSolutionNode = FALSE
	EndGlobalSection
	GlobalSection(ExtensibilityGlobals) = postSolution
		SolutionGuid = {3BA79A36-A6C5-4CE4-9B22-F12554CCDB5B}
	EndGlobalSection
EndGlobal
