
Microsoft Visual Studio Solution File, Format Version 12.00
# Visual Studio Version 16
VisualStudioVersion = 16.0.32929.386
MinimumVisualStudioVersion = 10.0.40219.1
Project("{F2A71F9B-5D33-465A-A702-920D77279786}") = "BookListRazor", "BookListRazor.fsproj", "{5338809B-1A93-48BF-8E89-944189056692}"
EndProject
Global
	GlobalSection(SolutionConfigurationPlatforms) = preSolution
		Debug|Any CPU = Debug|Any CPU
		Release|Any CPU = Release|Any CPU
	EndGlobalSection
	GlobalSection(ProjectConfigurationPlatforms) = postSolution
		{5338809B-1A93-48BF-8E89-944189056692}.Debug|Any CPU.ActiveCfg = Debug|Any CPU
		{5338809B-1A93-48BF-8E89-944189056692}.Debug|Any CPU.Build.0 = Debug|Any CPU
		{5338809B-1A93-48BF-8E89-944189056692}.Release|Any CPU.ActiveCfg = Release|Any CPU
		{5338809B-1A93-48BF-8E89-944189056692}.Release|Any CPU.Build.0 = Release|Any CPU
	EndGlobalSection
	GlobalSection(SolutionProperties) = preSolution
		HideSolutionNode = FALSE
	EndGlobalSection
	GlobalSection(ExtensibilityGlobals) = postSolution
		SolutionGuid = {63CE2941-D4B4-46A5-BB4B-65C17245621A}
	EndGlobalSection
EndGlobal
